
Microsoft Visual Studio Solution File, Format Version 12.00
# Visual Studio Version 16
VisualStudioVersion = 16.0.33801.447
MinimumVisualStudioVersion = 10.0.40219.1
Project("{FAE04EC0-301F-11D3-BF4B-00C04F79EFBC}") = "ASPNETAppcloud", "ASPNETAppcloud\ASPNETAppcloud.csproj", "{D5CB9D55-4DBD-404A-9701-00403B4A5D5D}"
EndProject
Global
	GlobalSection(SolutionConfigurationPlatforms) = preSolution
		Debug|Any CPU = Debug|Any CPU
		Release|Any CPU = Release|Any CPU
	EndGlobalSection
	GlobalSection(ProjectConfigurationPlatforms) = postSolution
		{D5CB9D55-4DBD-404A-9701-00403B4A5D5D}.Debug|Any CPU.ActiveCfg = Debug|Any CPU
		{D5CB9D55-4DBD-404A-9701-00403B4A5D5D}.Debug|Any CPU.Build.0 = Debug|Any CPU
		{D5CB9D55-4DBD-404A-9701-00403B4A5D5D}.Release|Any CPU.ActiveCfg = Release|Any CPU
		{D5CB9D55-4DBD-404A-9701-00403B4A5D5D}.Release|Any CPU.Build.0 = Release|Any CPU
	EndGlobalSection
	GlobalSection(SolutionProperties) = preSolution
		HideSolutionNode = FALSE
	EndGlobalSection
	GlobalSection(ExtensibilityGlobals) = postSolution
		SolutionGuid = {0DE4A207-BC61-4729-A0D3-80D62A421560}
	EndGlobalSection
EndGlobal
